
Microsoft Visual Studio Solution File, Format Version 12.00
# Visual Studio Version 16
VisualStudioVersion = 16.0.31410.357
MinimumVisualStudioVersion = 10.0.40219.1
Project("{FAE04EC0-301F-11D3-BF4B-00C04F79EFBC}") = "FizzBuzzApp", "FizzBuzzApp\FizzBuzzApp.csproj", "{02FE6C1E-ED27-4C9A-BBFB-8E8EED2E2A46}"
EndProject
Project("{FAE04EC0-301F-11D3-BF4B-00C04F79EFBC}") = "CoreLogic", "CoreLogic\CoreLogic.csproj", "{A1B682EF-72D9-45F8-8742-5E0A2BD9AE8E}"
EndProject
Project("{FAE04EC0-301F-11D3-BF4B-00C04F79EFBC}") = "CoreLogicTesting", "CoreLogicTesting\CoreLogicTesting.csproj", "{3AFB15EA-D1E6-4A28-A702-B23FD8C1DC05}"
EndProject
Global
	GlobalSection(SolutionConfigurationPlatforms) = preSolution
		Debug|Any CPU = Debug|Any CPU
		Release|Any CPU = Release|Any CPU
	EndGlobalSection
	GlobalSection(ProjectConfigurationPlatforms) = postSolution
		{02FE6C1E-ED27-4C9A-BBFB-8E8EED2E2A46}.Debug|Any CPU.ActiveCfg = Debug|Any CPU
		{02FE6C1E-ED27-4C9A-BBFB-8E8EED2E2A46}.Debug|Any CPU.Build.0 = Debug|Any CPU
		{02FE6C1E-ED27-4C9A-BBFB-8E8EED2E2A46}.Release|Any CPU.ActiveCfg = Release|Any CPU
		{02FE6C1E-ED27-4C9A-BBFB-8E8EED2E2A46}.Release|Any CPU.Build.0 = Release|Any CPU
		{A1B682EF-72D9-45F8-8742-5E0A2BD9AE8E}.Debug|Any CPU.ActiveCfg = Debug|Any CPU
		{A1B682EF-72D9-45F8-8742-5E0A2BD9AE8E}.Debug|Any CPU.Build.0 = Debug|Any CPU
		{A1B682EF-72D9-45F8-8742-5E0A2BD9AE8E}.Release|Any CPU.ActiveCfg = Release|Any CPU
		{A1B682EF-72D9-45F8-8742-5E0A2BD9AE8E}.Release|Any CPU.Build.0 = Release|Any CPU
		{3AFB15EA-D1E6-4A28-A702-B23FD8C1DC05}.Debug|Any CPU.ActiveCfg = Debug|Any CPU
		{3AFB15EA-D1E6-4A28-A702-B23FD8C1DC05}.Debug|Any CPU.Build.0 = Debug|Any CPU
		{3AFB15EA-D1E6-4A28-A702-B23FD8C1DC05}.Release|Any CPU.ActiveCfg = Release|Any CPU
		{3AFB15EA-D1E6-4A28-A702-B23FD8C1DC05}.Release|Any CPU.Build.0 = Release|Any CPU
	EndGlobalSection
	GlobalSection(SolutionProperties) = preSolution
		HideSolutionNode = FALSE
	EndGlobalSection
	GlobalSection(ExtensibilityGlobals) = postSolution
		SolutionGuid = {B1CAF204-D394-4CB5-83A8-136B02A304C8}
	EndGlobalSection
EndGlobal
